
Microsoft Visual Studio Solution File, Format Version 12.00
# Visual Studio 15
VisualStudioVersion = 15.0.28307.1209
MinimumVisualStudioVersion = 10.0.40219.1
Project("{F184B08F-C81C-45F6-A57F-5ABD9991F28F}") = "PembayaranAir", "PembayaranAir\PembayaranAir.vbproj", "{33BAD7A1-D52B-41F8-9E2D-08A4093EAE01}"
EndProject
Global
	GlobalSection(SolutionConfigurationPlatforms) = preSolution
		Debug|Any CPU = Debug|Any CPU
		Debug|x86 = Debug|x86
		Release|Any CPU = Release|Any CPU
		Release|x86 = Release|x86
	EndGlobalSection
	GlobalSection(ProjectConfigurationPlatforms) = postSolution
		{33BAD7A1-D52B-41F8-9E2D-08A4093EAE01}.Debug|Any CPU.ActiveCfg = Debug|Any CPU
		{33BAD7A1-D52B-41F8-9E2D-08A4093EAE01}.Debug|Any CPU.Build.0 = Debug|Any CPU
		{33BAD7A1-D52B-41F8-9E2D-08A4093EAE01}.Debug|x86.ActiveCfg = Debug|x86
		{33BAD7A1-D52B-41F8-9E2D-08A4093EAE01}.Debug|x86.Build.0 = Debug|x86
		{33BAD7A1-D52B-41F8-9E2D-08A4093EAE01}.Release|Any CPU.ActiveCfg = Release|Any CPU
		{33BAD7A1-D52B-41F8-9E2D-08A4093EAE01}.Release|Any CPU.Build.0 = Release|Any CPU
		{33BAD7A1-D52B-41F8-9E2D-08A4093EAE01}.Release|x86.ActiveCfg = Release|x86
		{33BAD7A1-D52B-41F8-9E2D-08A4093EAE01}.Release|x86.Build.0 = Release|x86
	EndGlobalSection
	GlobalSection(SolutionProperties) = preSolution
		HideSolutionNode = FALSE
	EndGlobalSection
	GlobalSection(ExtensibilityGlobals) = postSolution
		SolutionGuid = {FDB2ED38-35B0-497B-A517-3A81D7B91E8D}
	EndGlobalSection
EndGlobal
